
Microsoft Visual Studio Solution File, Format Version 12.00
# Visual Studio 15
VisualStudioVersion = 15.0.27703.2035
MinimumVisualStudioVersion = 10.0.40219.1
Project("{FAE04EC0-301F-11D3-BF4B-00C04F79EFBC}") = "ASPCoreDemo", "ASPCoreDemo\ASPCoreDemo.csproj", "{60C91642-1963-4220-A895-5C9947F2E29C}"
EndProject
Global
	GlobalSection(SolutionConfigurationPlatforms) = preSolution
		Debug|Any CPU = Debug|Any CPU
		Release|Any CPU = Release|Any CPU
	EndGlobalSection
	GlobalSection(ProjectConfigurationPlatforms) = postSolution
		{60C91642-1963-4220-A895-5C9947F2E29C}.Debug|Any CPU.ActiveCfg = Debug|Any CPU
		{60C91642-1963-4220-A895-5C9947F2E29C}.Debug|Any CPU.Build.0 = Debug|Any CPU
		{60C91642-1963-4220-A895-5C9947F2E29C}.Release|Any CPU.ActiveCfg = Release|Any CPU
		{60C91642-1963-4220-A895-5C9947F2E29C}.Release|Any CPU.Build.0 = Release|Any CPU
	EndGlobalSection
	GlobalSection(SolutionProperties) = preSolution
		HideSolutionNode = FALSE
	EndGlobalSection
	GlobalSection(ExtensibilityGlobals) = postSolution
		SolutionGuid = {C7C1A97D-A882-466A-ABD1-AB0D6F4624F8}
	EndGlobalSection
EndGlobal
